
Microsoft Visual Studio Solution File, Format Version 11.00
# Visual Studio 2010
Project("{8BC9CEB8-8B4A-11D0-8D11-00A0C91BC942}") = "Parser", "Parser.vcxproj", "{CE302D00-5D5D-7684-8242-51EEA8905BD1}"
EndProject
Global
	GlobalSection(SolutionConfigurationPlatforms) = preSolution
		Debug|Win32 = Debug|Win32
		Release|Win32 = Release|Win32
	EndGlobalSection
	GlobalSection(ProjectConfigurationPlatforms) = postSolution
		{CE302D00-5D5D-7684-8242-51EEA8905BD1}.Debug|Win32.ActiveCfg = Debug|Win32
		{CE302D00-5D5D-7684-8242-51EEA8905BD1}.Debug|Win32.Build.0 = Debug|Win32
		{CE302D00-5D5D-7684-8242-51EEA8905BD1}.Release|Win32.ActiveCfg = Release|Win32
		{CE302D00-5D5D-7684-8242-51EEA8905BD1}.Release|Win32.Build.0 = Release|Win32
	EndGlobalSection
	GlobalSection(SolutionProperties) = preSolution
		HideSolutionNode = FALSE
	EndGlobalSection
EndGlobal
